// !$*UTF8*$!
{
	archiveVersion = 1;
	classes = {
	};
	objectVersion = 56;
	objects = {

/* Begin PBXBuildFile section */
		2F1B422FE78728288AD9F4BF /* Pods_SimpleProject.framework in Frameworks */ = {isa = PBXBuildFile; fileRef = A3BA000A53EA5288D9F464CF /* Pods_SimpleProject.framework */; };
		9989699E2A49D4A000705EEC /* AppDelegate.swift in Sources */ = {isa = PBXBuildFile; fileRef = 9989699D2A49D4A000705EEC /* AppDelegate.swift */; };
		998969A02A49D4A000705EEC /* SceneDelegate.swift in Sources */ = {isa = PBXBuildFile; fileRef = 9989699F2A49D4A000705EEC /* SceneDelegate.swift */; };
		998969A52A49D4A000705EEC /* Main.storyboard in Resources */ = {isa = PBXBuildFile; fileRef = 998969A32A49D4A000705EEC /* Main.storyboard */; };
		998969A72A49D4A100705EEC /* Assets.xcassets in Resources */ = {isa = PBXBuildFile; fileRef = 998969A62A49D4A100705EEC /* Assets.xcassets */; };
		998969AA2A49D4A100705EEC /* LaunchScreen.storyboard in Resources */ = {isa = PBXBuildFile; fileRef = 998969A82A49D4A100705EEC /* LaunchScreen.storyboard */; };
		998969B22A49D81A00705EEC /* LoginViewController.swift in Sources */ = {isa = PBXBuildFile; fileRef = 998969B12A49D81A00705EEC /* LoginViewController.swift */; };
		998969B42A4AA6E500705EEC /* Endpoints.swift in Sources */ = {isa = PBXBuildFile; fileRef = 998969B32A4AA6E500705EEC /* Endpoints.swift */; };
/* End PBXBuildFile section */

/* Begin PBXFileReference section */
		12D4373DD85579A60974DB19 /* Pods-SimpleProject.release.xcconfig */ = {isa = PBXFileReference; includeInIndex = 1; lastKnownFileType = text.xcconfig; name = "Pods-SimpleProject.release.xcconfig"; path = "Target Support Files/Pods-SimpleProject/Pods-SimpleProject.release.xcconfig"; sourceTree = "<group>"; };
		9989699A2A49D4A000705EEC /* SimpleProject.app */ = {isa = PBXFileReference; explicitFileType = wrapper.application; includeInIndex = 0; path = SimpleProject.app; sourceTree = BUILT_PRODUCTS_DIR; };
		9989699D2A49D4A000705EEC /* AppDelegate.swift */ = {isa = PBXFileReference; lastKnownFileType = sourcecode.swift; path = AppDelegate.swift; sourceTree = "<group>"; };
		9989699F2A49D4A000705EEC /* SceneDelegate.swift */ = {isa = PBXFileReference; lastKnownFileType = sourcecode.swift; path = SceneDelegate.swift; sourceTree = "<group>"; };
		998969A42A49D4A000705EEC /* Base */ = {isa = PBXFileReference; lastKnownFileType = file.storyboard; name = Base; path = Base.lproj/Main.storyboard; sourceTree = "<group>"; };
		998969A62A49D4A100705EEC /* Assets.xcassets */ = {isa = PBXFileReference; lastKnownFileType = folder.assetcatalog; path = Assets.xcassets; sourceTree = "<group>"; };
		998969A92A49D4A100705EEC /* Base */ = {isa = PBXFileReference; lastKnownFileType = file.storyboard; name = Base; path = Base.lproj/LaunchScreen.storyboard; sourceTree = "<group>"; };
		998969AB2A49D4A100705EEC /* Info.plist */ = {isa = PBXFileReference; lastKnownFileType = text.plist.xml; path = Info.plist; sourceTree = "<group>"; };
		998969B12A49D81A00705EEC /* LoginViewController.swift */ = {isa = PBXFileReference; lastKnownFileType = sourcecode.swift; path = LoginViewController.swift; sourceTree = "<group>"; };
		998969B32A4AA6E500705EEC /* Endpoints.swift */ = {isa = PBXFileReference; lastKnownFileType = sourcecode.swift; path = Endpoints.swift; sourceTree = "<group>"; };
		A3BA000A53EA5288D9F464CF /* Pods_SimpleProject.framework */ = {isa = PBXFileReference; explicitFileType = wrapper.framework; includeInIndex = 0; path = Pods_SimpleProject.framework; sourceTree = BUILT_PRODUCTS_DIR; };
		F6504D794521939213F18031 /* Pods-SimpleProject.debug.xcconfig */ = {isa = PBXFileReference; includeInIndex = 1; lastKnownFileType = text.xcconfig; name = "Pods-SimpleProject.debug.xcconfig"; path = "Target Support Files/Pods-SimpleProject/Pods-SimpleProject.debug.xcconfig"; sourceTree = "<group>"; };
/* End PBXFileReference section */

/* Begin PBXFrameworksBuildPhase section */
		998969972A49D4A000705EEC /* Frameworks */ = {
			isa = PBXFrameworksBuildPhase;
			buildActionMask = 2147483647;
			files = (
				2F1B422FE78728288AD9F4BF /* Pods_SimpleProject.framework in Frameworks */,
			);
			runOnlyForDeploymentPostprocessing = 0;
		};
/* End PBXFrameworksBuildPhase section */

/* Begin PBXGroup section */
		998969912A49D4A000705EEC = {
			isa = PBXGroup;
			children = (
				9989699C2A49D4A000705EEC /* SimpleProject */,
				9989699B2A49D4A000705EEC /* Products */,
				9EA8C1958CF6CD13055A3FA9 /* Pods */,
				CD2B3200B575456EF230F1D3 /* Frameworks */,
			);
			sourceTree = "<group>";
		};
		9989699B2A49D4A000705EEC /* Products */ = {
			isa = PBXGroup;
			children = (
				9989699A2A49D4A000705EEC /* SimpleProject.app */,
			);
			name = Products;
			sourceTree = "<group>";
		};
		9989699C2A49D4A000705EEC /* SimpleProject */ = {
			isa = PBXGroup;
			children = (
				9989699D2A49D4A000705EEC /* AppDelegate.swift */,
				9989699F2A49D4A000705EEC /* SceneDelegate.swift */,
				998969A32A49D4A000705EEC /* Main.storyboard */,
				998969B12A49D81A00705EEC /* LoginViewController.swift */,
				998969A62A49D4A100705EEC /* Assets.xcassets */,
				998969A82A49D4A100705EEC /* LaunchScreen.storyboard */,
				998969AB2A49D4A100705EEC /* Info.plist */,
				998969B32A4AA6E500705EEC /* Endpoints.swift */,
			);
			path = SimpleProject;
			sourceTree = "<group>";
		};
		9EA8C1958CF6CD13055A3FA9 /* Pods */ = {
			isa = PBXGroup;
			children = (
				F6504D794521939213F18031 /* Pods-SimpleProject.debug.xcconfig */,
				12D4373DD85579A60974DB19 /* Pods-SimpleProject.release.xcconfig */,
			);
			path = Pods;
			sourceTree = "<group>";
		};
		CD2B3200B575456EF230F1D3 /* Frameworks */ = {
			isa = PBXGroup;
			children = (
				A3BA000A53EA5288D9F464CF /* Pods_SimpleProject.framework */,
			);
			name = Frameworks;
			sourceTree = "<group>";
		};
/* End PBXGroup section */

/* Begin PBXNativeTarget section */
		998969992A49D4A000705EEC /* SimpleProject */ = {
			isa = PBXNativeTarget;
			buildConfigurationList = 998969AE2A49D4A100705EEC /* Build configuration list for PBXNativeTarget "SimpleProject" */;
			buildPhases = (
				8CC6BA66B6861B19478BF525 /* [CP] Check Pods Manifest.lock */,
				998969962A49D4A000705EEC /* Sources */,
				998969972A49D4A000705EEC /* Frameworks */,
				998969982A49D4A000705EEC /* Resources */,
				8B288CE180C6447178A8BF20 /* [CP] Embed Pods Frameworks */,
			);
			buildRules = (
			);
			dependencies = (
			);
			name = SimpleProject;
			productName = SimpleProject;
			productReference = 9989699A2A49D4A000705EEC /* SimpleProject.app */;
			productType = "com.apple.product-type.application";
		};
/* End PBXNativeTarget section */

/* Begin PBXProject section */
		998969922A49D4A000705EEC /* Project object */ = {
			isa = PBXProject;
			attributes = {
				BuildIndependentTargetsInParallel = 1;
				LastSwiftUpdateCheck = 1420;
				LastUpgradeCheck = 1420;
				TargetAttributes = {
					998969992A49D4A000705EEC = {
						CreatedOnToolsVersion = 14.2;
					};
				};
			};
			buildConfigurationList = 998969952A49D4A000705EEC /* Build configuration list for PBXProject "SimpleProject" */;
			compatibilityVersion = "Xcode 14.0";
			developmentRegion = en;
			hasScannedForEncodings = 0;
			knownRegions = (
				en,
				Base,
			);
			mainGroup = 998969912A49D4A000705EEC;
			productRefGroup = 9989699B2A49D4A000705EEC /* Products */;
			projectDirPath = "";
			projectRoot = "";
			targets = (
				998969992A49D4A000705EEC /* SimpleProject */,
			);
		};
/* End PBXProject section */

/* Begin PBXResourcesBuildPhase section */
		998969982A49D4A000705EEC /* Resources */ = {
			isa = PBXResourcesBuildPhase;
			buildActionMask = 2147483647;
			files = (
				998969AA2A49D4A100705EEC /* LaunchScreen.storyboard in Resources */,
				998969A72A49D4A100705EEC /* Assets.xcassets in Resources */,
				998969A52A49D4A000705EEC /* Main.storyboard in Resources */,
			);
			runOnlyForDeploymentPostprocessing = 0;
		};
/* End PBXResourcesBuildPhase section */

/* Begin PBXShellScriptBuildPhase section */
		8B288CE180C6447178A8BF20 /* [CP] Embed Pods Frameworks */ = {
			isa = PBXShellScriptBuildPhase;
			buildActionMask = 2147483647;
			files = (
			);
			inputFileListPaths = (
				"${PODS_ROOT}/Target Support Files/Pods-SimpleProject/Pods-SimpleProject-frameworks-${CONFIGURATION}-input-files.xcfilelist",
			);
			name = "[CP] Embed Pods Frameworks";
			outputFileListPaths = (
				"${PODS_ROOT}/Target Support Files/Pods-SimpleProject/Pods-SimpleProject-frameworks-${CONFIGURATION}-output-files.xcfilelist",
			);
			runOnlyForDeploymentPostprocessing = 0;
			shellPath = /bin/sh;
			shellScript = "\"${PODS_ROOT}/Target Support Files/Pods-SimpleProject/Pods-SimpleProject-frameworks.sh\"\n";
			showEnvVarsInLog = 0;
		};
		8CC6BA66B6861B19478BF525 /* [CP] Check Pods Manifest.lock */ = {
			isa = PBXShellScriptBuildPhase;
			buildActionMask = 2147483647;
			files = (
			);
			inputFileListPaths = (
			);
			inputPaths = (
				"${PODS_PODFILE_DIR_PATH}/Podfile.lock",
				"${PODS_ROOT}/Manifest.lock",
			);
			name = "[CP] Check Pods Manifest.lock";
			outputFileListPaths = (
			);
			outputPaths = (
				"$(DERIVED_FILE_DIR)/Pods-SimpleProject-checkManifestLockResult.txt",
			);
			runOnlyForDeploymentPostprocessing = 0;
			shellPath = /bin/sh;
			shellScript = "diff \"${PODS_PODFILE_DIR_PATH}/Podfile.lock\" \"${PODS_ROOT}/Manifest.lock\" > /dev/null\nif [ $? != 0 ] ; then\n    # print error to STDERR\n    echo \"error: The sandbox is not in sync with the Podfile.lock. Run 'pod install' or update your CocoaPods installation.\" >&2\n    exit 1\nfi\n# This output is used by Xcode 'outputs' to avoid re-running this script phase.\necho \"SUCCESS\" > \"${SCRIPT_OUTPUT_FILE_0}\"\n";
			showEnvVarsInLog = 0;
		};
/* End PBXShellScriptBuildPhase section */

/* Begin PBXSourcesBuildPhase section */
		998969962A49D4A000705EEC /* Sources */ = {
			isa = PBXSourcesBuildPhase;
			buildActionMask = 2147483647;
			files = (
				998969B22A49D81A00705EEC /* LoginViewController.swift in Sources */,
				9989699E2A49D4A000705EEC /* AppDelegate.swift in Sources */,
				998969B42A4AA6E500705EEC /* Endpoints.swift in Sources */,
				998969A02A49D4A000705EEC /* SceneDelegate.swift in Sources */,
			);
			runOnlyForDeploymentPostprocessing = 0;
		};
/* End PBXSourcesBuildPhase section */

/* Begin PBXVariantGroup section */
		998969A32A49D4A000705EEC /* Main.storyboard */ = {
			isa = PBXVariantGroup;
			children = (
				998969A42A49D4A000705EEC /* Base */,
			);
			name = Main.storyboard;
			sourceTree = "<group>";
		};
		998969A82A49D4A100705EEC /* LaunchScreen.storyboard */ = {
			isa = PBXVariantGroup;
			children = (
				998969A92A49D4A100705EEC /* Base */,
			);
			name = LaunchScreen.storyboard;
			sourceTree = "<group>";
		};
/* End PBXVariantGroup section */

/* Begin XCBuildConfiguration section */
		998969AC2A49D4A100705EEC /* Debug */ = {
			isa = XCBuildConfiguration;
			buildSettings = {
				ALWAYS_SEARCH_USER_PATHS = NO;
				CLANG_ANALYZER_NONNULL = YES;
				CLANG_ANALYZER_NUMBER_OBJECT_CONVERSION = YES_AGGRESSIVE;
				CLANG_CXX_LANGUAGE_STANDARD = "gnu++20";
				CLANG_ENABLE_MODULES = YES;
				CLANG_ENABLE_OBJC_ARC = YES;
				CLANG_ENABLE_OBJC_WEAK = YES;
				CLANG_WARN_BLOCK_CAPTURE_AUTORELEASING = YES;
				CLANG_WARN_BOOL_CONVERSION = YES;
				CLANG_WARN_COMMA = YES;
				CLANG_WARN_CONSTANT_CONVERSION = YES;
				CLANG_WARN_DEPRECATED_OBJC_IMPLEMENTATIONS = YES;
				CLANG_WARN_DIRECT_OBJC_ISA_USAGE = YES_ERROR;
				CLANG_WARN_DOCUMENTATION_COMMENTS = YES;
				CLANG_WARN_EMPTY_BODY = YES;
				CLANG_WARN_ENUM_CONVERSION = YES;
				CLANG_WARN_INFINITE_RECURSION = YES;
				CLANG_WARN_INT_CONVERSION = YES;
				CLANG_WARN_NON_LITERAL_NULL_CONVERSION = YES;
				CLANG_WARN_OBJC_IMPLICIT_RETAIN_SELF = YES;
				CLANG_WARN_OBJC_LITERAL_CONVERSION = YES;
				CLANG_WARN_OBJC_ROOT_CLASS = YES_ERROR;
				CLANG_WARN_QUOTED_INCLUDE_IN_FRAMEWORK_HEADER = YES;
				CLANG_WARN_RANGE_LOOP_ANALYSIS = YES;
				CLANG_WARN_STRICT_PROTOTYPES = YES;
				CLANG_WARN_SUSPICIOUS_MOVE = YES;
				CLANG_WARN_UNGUARDED_AVAILABILITY = YES_AGGRESSIVE;
				CLANG_WARN_UNREACHABLE_CODE = YES;
				CLANG_WARN__DUPLICATE_METHOD_MATCH = YES;
				COPY_PHASE_STRIP = NO;
				DEBUG_INFORMATION_FORMAT = dwarf;
				ENABLE_STRICT_OBJC_MSGSEND = YES;
				ENABLE_TESTABILITY = YES;
				GCC_C_LANGUAGE_STANDARD = gnu11;
				GCC_DYNAMIC_NO_PIC = NO;
				GCC_NO_COMMON_BLOCKS = YES;
				GCC_OPTIMIZATION_LEVEL = 0;
				GCC_PREPROCESSOR_DEFINITIONS = (
					"DEBUG=1",
					"$(inherited)",
				);
				GCC_WARN_64_TO_32_BIT_CONVERSION = YES;
				GCC_WARN_ABOUT_RETURN_TYPE = YES_ERROR;
				GCC_WARN_UNDECLARED_SELECTOR = YES;
				GCC_WARN_UNINITIALIZED_AUTOS = YES_AGGRESSIVE;
				GCC_WARN_UNUSED_FUNCTION = YES;
				GCC_WARN_UNUSED_VARIABLE = YES;
				IPHONEOS_DEPLOYMENT_TARGET = 16.2;
				MTL_ENABLE_DEBUG_INFO = INCLUDE_SOURCE;
				MTL_FAST_MATH = YES;
				ONLY_ACTIVE_ARCH = YES;
				SDKROOT = iphoneos;
				SWIFT_ACTIVE_COMPILATION_CONDITIONS = DEBUG;
				SWIFT_OPTIMIZATION_LEVEL = "-Onone";
			};
			name = Debug;
		};
		998969AD2A49D4A100705EEC /* Release */ = {
			isa = XCBuildConfiguration;
			buildSettings = {
				ALWAYS_SEARCH_USER_PATHS = NO;
				CLANG_ANALYZER_NONNULL = YES;
				CLANG_ANALYZER_NUMBER_OBJECT_CONVERSION = YES_AGGRESSIVE;
				CLANG_CXX_LANGUAGE_STANDARD = "gnu++20";
				CLANG_ENABLE_MODULES = YES;
				CLANG_ENABLE_OBJC_ARC = YES;
				CLANG_ENABLE_OBJC_WEAK = YES;
				CLANG_WARN_BLOCK_CAPTURE_AUTORELEASING = YES;
				CLANG_WARN_BOOL_CONVERSION = YES;
				CLANG_WARN_COMMA = YES;
				CLANG_WARN_CONSTANT_CONVERSION = YES;
				CLANG_WARN_DEPRECATED_OBJC_IMPLEMENTATIONS = YES;
				CLANG_WARN_DIRECT_OBJC_ISA_USAGE = YES_ERROR;
				CLANG_WARN_DOCUMENTATION_COMMENTS = YES;
				CLANG_WARN_EMPTY_BODY = YES;
				CLANG_WARN_ENUM_CONVERSION = YES;
				CLANG_WARN_INFINITE_RECURSION = YES;
				CLANG_WARN_INT_CONVERSION = YES;
				CLANG_WARN_NON_LITERAL_NULL_CONVERSION = YES;
				CLANG_WARN_OBJC_IMPLICIT_RETAIN_SELF = YES;
				CLANG_WARN_OBJC_LITERAL_CONVERSION = YES;
				CLANG_WARN_OBJC_ROOT_CLASS = YES_ERROR;
				CLANG_WARN_QUOTED_INCLUDE_IN_FRAMEWORK_HEADER = YES;
				CLANG_WARN_RANGE_LOOP_ANALYSIS = YES;
				CLANG_WARN_STRICT_PROTOTYPES = YES;
				CLANG_WARN_SUSPICIOUS_MOVE = YES;
				CLANG_WARN_UNGUARDED_AVAILABILITY = YES_AGGRESSIVE;
				CLANG_WARN_UNREACHABLE_CODE = YES;
				CLANG_WARN__DUPLICATE_METHOD_MATCH = YES;
				COPY_PHASE_STRIP = NO;
				DEBUG_INFORMATION_FORMAT = "dwarf-with-dsym";
				ENABLE_NS_ASSERTIONS = NO;
				ENABLE_STRICT_OBJC_MSGSEND = YES;
				GCC_C_LANGUAGE_STANDARD = gnu11;
				GCC_NO_COMMON_BLOCKS = YES;
				GCC_WARN_64_TO_32_BIT_CONVERSION = YES;
				GCC_WARN_ABOUT_RETURN_TYPE = YES_ERROR;
				GCC_WARN_UNDECLARED_SELECTOR = YES;
				GCC_WARN_UNINITIALIZED_AUTOS = YES_AGGRESSIVE;
				GCC_WARN_UNUSED_FUNCTION = YES;
				GCC_WARN_UNUSED_VARIABLE = YES;
				IPHONEOS_DEPLOYMENT_TARGET = 16.2;
				MTL_ENABLE_DEBUG_INFO = NO;
				MTL_FAST_MATH = YES;
				SDKROOT = iphoneos;
				SWIFT_COMPILATION_MODE = wholemodule;
				SWIFT_OPTIMIZATION_LEVEL = "-O";
				VALIDATE_PRODUCT = YES;
			};
			name = Release;
		};
		998969AF2A49D4A100705EEC /* Debug */ = {
			isa = XCBuildConfiguration;
			baseConfigurationReference = F6504D794521939213F18031 /* Pods-SimpleProject.debug.xcconfig */;
			buildSettings = {
				ASSETCATALOG_COMPILER_APPICON_NAME = AppIcon;
				ASSETCATALOG_COMPILER_GLOBAL_ACCENT_COLOR_NAME = AccentColor;
				CODE_SIGN_STYLE = Automatic;
				CURRENT_PROJECT_VERSION = 1;
				GENERATE_INFOPLIST_FILE = YES;
				INFOPLIST_FILE = SimpleProject/Info.plist;
				INFOPLIST_KEY_UIApplicationSupportsIndirectInputEvents = YES;
				INFOPLIST_KEY_UILaunchStoryboardName = LaunchScreen;
				INFOPLIST_KEY_UIMainStoryboardFile = Main;
				INFOPLIST_KEY_UISupportedInterfaceOrientations_iPad = "UIInterfaceOrientationPortrait UIInterfaceOrientationPortraitUpsideDown UIInterfaceOrientationLandscapeLeft UIInterfaceOrientationLandscapeRight";
				INFOPLIST_KEY_UISupportedInterfaceOrientations_iPhone = "UIInterfaceOrientationPortrait UIInterfaceOrientationLandscapeLeft UIInterfaceOrientationLandscapeRight";
				LD_RUNPATH_SEARCH_PATHS = (
					"$(inherited)",
					"@executable_path/Frameworks",
				);
				MARKETING_VERSION = 1.0;
				PRODUCT_BUNDLE_IDENTIFIER = com.swiftech.FirstProject.SimpleProject;
				PRODUCT_NAME = "$(TARGET_NAME)";
				SWIFT_EMIT_LOC_STRINGS = YES;
				SWIFT_VERSION = 5.0;
				TARGETED_DEVICE_FAMILY = "1,2";
			};
			name = Debug;
		};
		998969B02A49D4A100705EEC /* Release */ = {
			isa = XCBuildConfiguration;
			baseConfigurationReference = 12D4373DD85579A60974DB19 /* Pods-SimpleProject.release.xcconfig */;
			buildSettings = {
				ASSETCATALOG_COMPILER_APPICON_NAME = AppIcon;
				ASSETCATALOG_COMPILER_GLOBAL_ACCENT_COLOR_NAME = AccentColor;
				CODE_SIGN_STYLE = Automatic;
				CURRENT_PROJECT_VERSION = 1;
				GENERATE_INFOPLIST_FILE = YES;
				INFOPLIST_FILE = SimpleProject/Info.plist;
				INFOPLIST_KEY_UIApplicationSupportsIndirectInputEvents = YES;
				INFOPLIST_KEY_UILaunchStoryboardName = LaunchScreen;
				INFOPLIST_KEY_UIMainStoryboardFile = Main;
				INFOPLIST_KEY_UISupportedInterfaceOrientations_iPad = "UIInterfaceOrientationPortrait UIInterfaceOrientationPortraitUpsideDown UIInterfaceOrientationLandscapeLeft UIInterfaceOrientationLandscapeRight";
				INFOPLIST_KEY_UISupportedInterfaceOrientations_iPhone = "UIInterfaceOrientationPortrait UIInterfaceOrientationLandscapeLeft UIInterfaceOrientationLandscapeRight";
				LD_RUNPATH_SEARCH_PATHS = (
					"$(inherited)",
					"@executable_path/Frameworks",
				);
				MARKETING_VERSION = 1.0;
				PRODUCT_BUNDLE_IDENTIFIER = com.swiftech.FirstProject.SimpleProject;
				PRODUCT_NAME = "$(TARGET_NAME)";
				SWIFT_EMIT_LOC_STRINGS = YES;
				SWIFT_VERSION = 5.0;
				TARGETED_DEVICE_FAMILY = "1,2";
			};
			name = Release;
		};
/* End XCBuildConfiguration section */

/* Begin XCConfigurationList section */
		998969952A49D4A000705EEC /* Build configuration list for PBXProject "SimpleProject" */ = {
			isa = XCConfigurationList;
			buildConfigurations = (
				998969AC2A49D4A100705EEC /* Debug */,
				998969AD2A49D4A100705EEC /* Release */,
			);
			defaultConfigurationIsVisible = 0;
			defaultConfigurationName = Release;
		};
		998969AE2A49D4A100705EEC /* Build configuration list for PBXNativeTarget "SimpleProject" */ = {
			isa = XCConfigurationList;
			buildConfigurations = (
				998969AF2A49D4A100705EEC /* Debug */,
				998969B02A49D4A100705EEC /* Release */,
			);
			defaultConfigurationIsVisible = 0;
			defaultConfigurationName = Release;
		};
/* End XCConfigurationList section */
	};
	rootObject = 998969922A49D4A000705EEC /* Project object */;
}
